
Microsoft Visual Studio Solution File, Format Version 12.00
# Visual Studio 15
VisualStudioVersion = 15.0.28010.2046
MinimumVisualStudioVersion = 10.0.40219.1
Project("{FAE04EC0-301F-11D3-BF4B-00C04F79EFBC}") = "ReactiveDemo", "ReactiveDemo.csproj", "{C03365B5-BA4F-4423-9151-3E90EEACC597}"
EndProject
Global
	GlobalSection(SolutionConfigurationPlatforms) = preSolution
		Debug|Any CPU = Debug|Any CPU
		Release|Any CPU = Release|Any CPU
	EndGlobalSection
	GlobalSection(ProjectConfigurationPlatforms) = postSolution
		{C03365B5-BA4F-4423-9151-3E90EEACC597}.Debug|Any CPU.ActiveCfg = Debug|Any CPU
		{C03365B5-BA4F-4423-9151-3E90EEACC597}.Debug|Any CPU.Build.0 = Debug|Any CPU
		{C03365B5-BA4F-4423-9151-3E90EEACC597}.Release|Any CPU.ActiveCfg = Release|Any CPU
		{C03365B5-BA4F-4423-9151-3E90EEACC597}.Release|Any CPU.Build.0 = Release|Any CPU
	EndGlobalSection
	GlobalSection(SolutionProperties) = preSolution
		HideSolutionNode = FALSE
	EndGlobalSection
	GlobalSection(ExtensibilityGlobals) = postSolution
		SolutionGuid = {4369F71C-0B3C-4A93-9510-731ED2B8A612}
	EndGlobalSection
EndGlobal
